
Microsoft Visual Studio Solution File, Format Version 12.00
# Visual Studio Version 17
VisualStudioVersion = 17.10.35027.167
MinimumVisualStudioVersion = 10.0.40219.1
Project("{FAE04EC0-301F-11D3-BF4B-00C04F79EFBC}") = "Tennis Finder App", "Tennis Finder App.csproj", "{C88972D8-4618-45E7-9214-82726F555136}"
EndProject
Global
	GlobalSection(SolutionConfigurationPlatforms) = preSolution
		Debug|Any CPU = Debug|Any CPU
		Release|Any CPU = Release|Any CPU
	EndGlobalSection
	GlobalSection(ProjectConfigurationPlatforms) = postSolution
		{C88972D8-4618-45E7-9214-82726F555136}.Debug|Any CPU.ActiveCfg = Debug|Any CPU
		{C88972D8-4618-45E7-9214-82726F555136}.Debug|Any CPU.Build.0 = Debug|Any CPU
		{C88972D8-4618-45E7-9214-82726F555136}.Release|Any CPU.ActiveCfg = Release|Any CPU
		{C88972D8-4618-45E7-9214-82726F555136}.Release|Any CPU.Build.0 = Release|Any CPU
	EndGlobalSection
	GlobalSection(SolutionProperties) = preSolution
		HideSolutionNode = FALSE
	EndGlobalSection
	GlobalSection(ExtensibilityGlobals) = postSolution
		SolutionGuid = {78198D3A-F810-4965-A090-70C7D8D8732B}
	EndGlobalSection
EndGlobal
